
Microsoft Visual Studio Solution File, Format Version 12.00
# Visual Studio Version 17
VisualStudioVersion = 17.7.34024.191
MinimumVisualStudioVersion = 16.0.0.0
Project("{9A19103F-16F7-4668-BE54-9A1E7A4F7556}") = "RampAndMapExperiment.Windows", "RampAndMapExperiment.Windows\RampAndMapExperiment.Windows.csproj", "{292140E4-0E4F-4974-B152-CC78B612779E}"
EndProject
Project("{9A19103F-16F7-4668-BE54-9A1E7A4F7556}") = "RampAndMapExperiment", "RampAndMapExperiment\RampAndMapExperiment.csproj", "{B9A1A797-43C9-4746-92C1-74A1465D4749}"
EndProject
Global
	GlobalSection(SolutionConfigurationPlatforms) = preSolution
		Debug|Any CPU = Debug|Any CPU
		Release|Any CPU = Release|Any CPU
	EndGlobalSection
	GlobalSection(ProjectConfigurationPlatforms) = postSolution
		{292140E4-0E4F-4974-B152-CC78B612779E}.Debug|Any CPU.ActiveCfg = Debug|Any CPU
		{292140E4-0E4F-4974-B152-CC78B612779E}.Debug|Any CPU.Build.0 = Debug|Any CPU
		{292140E4-0E4F-4974-B152-CC78B612779E}.Release|Any CPU.ActiveCfg = Release|Any CPU
		{292140E4-0E4F-4974-B152-CC78B612779E}.Release|Any CPU.Build.0 = Release|Any CPU
		{B9A1A797-43C9-4746-92C1-74A1465D4749}.Debug|Any CPU.ActiveCfg = Debug|Any CPU
		{B9A1A797-43C9-4746-92C1-74A1465D4749}.Debug|Any CPU.Build.0 = Debug|Any CPU
		{B9A1A797-43C9-4746-92C1-74A1465D4749}.Release|Any CPU.ActiveCfg = Release|Any CPU
		{B9A1A797-43C9-4746-92C1-74A1465D4749}.Release|Any CPU.Build.0 = Release|Any CPU
	EndGlobalSection
	GlobalSection(SolutionProperties) = preSolution
		HideSolutionNode = FALSE
	EndGlobalSection
	GlobalSection(ExtensibilityGlobals) = postSolution
		SolutionGuid = {99915EFF-83A7-40F1-86BA-2CBF81B58A0B}
	EndGlobalSection
EndGlobal
